// !$*UTF8*$!
{
	archiveVersion = 1;
	classes = {
	};
	objectVersion = 48;
	objects = {

/* Begin PBXBuildFile section */
		04354EE02105B3EB00B14A73 /* AppDelegate.swift in Sources */ = {isa = PBXBuildFile; fileRef = 04354EDF2105B3EB00B14A73 /* AppDelegate.swift */; };
		04354EE22105B3EB00B14A73 /* ViewController.swift in Sources */ = {isa = PBXBuildFile; fileRef = 04354EE12105B3EB00B14A73 /* ViewController.swift */; };
		04354EE52105B3EB00B14A73 /* Main.storyboard in Resources */ = {isa = PBXBuildFile; fileRef = 04354EE32105B3EB00B14A73 /* Main.storyboard */; };
		04354EE72105B3EB00B14A73 /* Assets.xcassets in Resources */ = {isa = PBXBuildFile; fileRef = 04354EE62105B3EB00B14A73 /* Assets.xcassets */; };
		04354EEA2105B3EB00B14A73 /* LaunchScreen.storyboard in Resources */ = {isa = PBXBuildFile; fileRef = 04354EE82105B3EB00B14A73 /* LaunchScreen.storyboard */; };
/* End PBXBuildFile section */

/* Begin PBXFileReference section */
		04354EDC2105B3EB00B14A73 /* Ma-shule.app */ = {isa = PBXFileReference; explicitFileType = wrapper.application; includeInIndex = 0; path = "Ma-shule.app"; sourceTree = BUILT_PRODUCTS_DIR; };
		04354EDF2105B3EB00B14A73 /* AppDelegate.swift */ = {isa = PBXFileReference; lastKnownFileType = sourcecode.swift; path = AppDelegate.swift; sourceTree = "<group>"; };
		04354EE12105B3EB00B14A73 /* ViewController.swift */ = {isa = PBXFileReference; lastKnownFileType = sourcecode.swift; path = ViewController.swift; sourceTree = "<group>"; };
		04354EE42105B3EB00B14A73 /* Base */ = {isa = PBXFileReference; lastKnownFileType = file.storyboard; name = Base; path = Base.lproj/Main.storyboard; sourceTree = "<group>"; };
		04354EE62105B3EB00B14A73 /* Assets.xcassets */ = {isa = PBXFileReference; lastKnownFileType = folder.assetcatalog; path = Assets.xcassets; sourceTree = "<group>"; };
		04354EE92105B3EB00B14A73 /* Base */ = {isa = PBXFileReference; lastKnownFileType = file.storyboard; name = Base; path = Base.lproj/LaunchScreen.storyboard; sourceTree = "<group>"; };
		04354EEB2105B3EB00B14A73 /* Info.plist */ = {isa = PBXFileReference; lastKnownFileType = text.plist.xml; path = Info.plist; sourceTree = "<group>"; };
/* End PBXFileReference section */

/* Begin PBXFrameworksBuildPhase section */
		04354ED92105B3EA00B14A73 /* Frameworks */ = {
			isa = PBXFrameworksBuildPhase;
			buildActionMask = 2147483647;
			files = (
			);
			runOnlyForDeploymentPostprocessing = 0;
		};
/* End PBXFrameworksBuildPhase section */

/* Begin PBXGroup section */
		04354ED32105B3EA00B14A73 = {
			isa = PBXGroup;
			children = (
				04354EDE2105B3EB00B14A73 /* Ma-shule */,
				04354EDD2105B3EB00B14A73 /* Products */,
			);
			sourceTree = "<group>";
		};
		04354EDD2105B3EB00B14A73 /* Products */ = {
			isa = PBXGroup;
			children = (
				04354EDC2105B3EB00B14A73 /* Ma-shule.app */,
			);
			name = Products;
			sourceTree = "<group>";
		};
		04354EDE2105B3EB00B14A73 /* Ma-shule */ = {
			isa = PBXGroup;
			children = (
				04354EDF2105B3EB00B14A73 /* AppDelegate.swift */,
				04354EE12105B3EB00B14A73 /* ViewController.swift */,
				04354EE32105B3EB00B14A73 /* Main.storyboard */,
				04354EE62105B3EB00B14A73 /* Assets.xcassets */,
				04354EE82105B3EB00B14A73 /* LaunchScreen.storyboard */,
				04354EEB2105B3EB00B14A73 /* Info.plist */,
			);
			path = "Ma-shule";
			sourceTree = "<group>";
		};
/* End PBXGroup section */

/* Begin PBXNativeTarget section */
		04354EDB2105B3EA00B14A73 /* Ma-shule */ = {
			isa = PBXNativeTarget;
			buildConfigurationList = 04354EEE2105B3EB00B14A73 /* Build configuration list for PBXNativeTarget "Ma-shule" */;
			buildPhases = (
				04354ED82105B3EA00B14A73 /* Sources */,
				04354ED92105B3EA00B14A73 /* Frameworks */,
				04354EDA2105B3EA00B14A73 /* Resources */,
			);
			buildRules = (
			);
			dependencies = (
			);
			name = "Ma-shule";
			productName = "Ma-shule";
			productReference = 04354EDC2105B3EB00B14A73 /* Ma-shule.app */;
			productType = "com.apple.product-type.application";
		};
/* End PBXNativeTarget section */

/* Begin PBXProject section */
		04354ED42105B3EA00B14A73 /* Project object */ = {
			isa = PBXProject;
			attributes = {
				LastSwiftUpdateCheck = 0920;
				LastUpgradeCheck = 0920;
				ORGANIZATIONNAME = Maarsharts.co.ke;
				TargetAttributes = {
					04354EDB2105B3EA00B14A73 = {
						CreatedOnToolsVersion = 9.2;
						ProvisioningStyle = Automatic;
					};
				};
			};
			buildConfigurationList = 04354ED72105B3EA00B14A73 /* Build configuration list for PBXProject "Ma-shule" */;
			compatibilityVersion = "Xcode 8.0";
			developmentRegion = en;
			hasScannedForEncodings = 0;
			knownRegions = (
				en,
				Base,
			);
			mainGroup = 04354ED32105B3EA00B14A73;
			productRefGroup = 04354EDD2105B3EB00B14A73 /* Products */;
			projectDirPath = "";
			projectRoot = "";
			targets = (
				04354EDB2105B3EA00B14A73 /* Ma-shule */,
			);
		};
/* End PBXProject section */

/* Begin PBXResourcesBuildPhase section */
		04354EDA2105B3EA00B14A73 /* Resources */ = {
			isa = PBXResourcesBuildPhase;
			buildActionMask = 2147483647;
			files = (
				04354EEA2105B3EB00B14A73 /* LaunchScreen.storyboard in Resources */,
				04354EE72105B3EB00B14A73 /* Assets.xcassets in Resources */,
				04354EE52105B3EB00B14A73 /* Main.storyboard in Resources */,
			);
			runOnlyForDeploymentPostprocessing = 0;
		};
/* End PBXResourcesBuildPhase section */

/* Begin PBXSourcesBuildPhase section */
		04354ED82105B3EA00B14A73 /* Sources */ = {
			isa = PBXSourcesBuildPhase;
			buildActionMask = 2147483647;
			files = (
				04354EE22105B3EB00B14A73 /* ViewController.swift in Sources */,
				04354EE02105B3EB00B14A73 /* AppDelegate.swift in Sources */,
			);
			runOnlyForDeploymentPostprocessing = 0;
		};
/* End PBXSourcesBuildPhase section */

/* Begin PBXVariantGroup section */
		04354EE32105B3EB00B14A73 /* Main.storyboard */ = {
			isa = PBXVariantGroup;
			children = (
				04354EE42105B3EB00B14A73 /* Base */,
			);
			name = Main.storyboard;
			sourceTree = "<group>";
		};
		04354EE82105B3EB00B14A73 /* LaunchScreen.storyboard */ = {
			isa = PBXVariantGroup;
			children = (
				04354EE92105B3EB00B14A73 /* Base */,
			);
			name = LaunchScreen.storyboard;
			sourceTree = "<group>";
		};
/* End PBXVariantGroup section */

/* Begin XCBuildConfiguration section */
		04354EEC2105B3EB00B14A73 /* Debug */ = {
			isa = XCBuildConfiguration;
			buildSettings = {
				ALWAYS_SEARCH_USER_PATHS = NO;
				CLANG_ANALYZER_NONNULL = YES;
				CLANG_ANALYZER_NUMBER_OBJECT_CONVERSION = YES_AGGRESSIVE;
				CLANG_CXX_LANGUAGE_STANDARD = "gnu++14";
				CLANG_CXX_LIBRARY = "libc++";
				CLANG_ENABLE_MODULES = YES;
				CLANG_ENABLE_OBJC_ARC = YES;
				CLANG_WARN_BLOCK_CAPTURE_AUTORELEASING = YES;
				CLANG_WARN_BOOL_CONVERSION = YES;
				CLANG_WARN_COMMA = YES;
				CLANG_WARN_CONSTANT_CONVERSION = YES;
				CLANG_WARN_DIRECT_OBJC_ISA_USAGE = YES_ERROR;
				CLANG_WARN_DOCUMENTATION_COMMENTS = YES;
				CLANG_WARN_EMPTY_BODY = YES;
				CLANG_WARN_ENUM_CONVERSION = YES;
				CLANG_WARN_INFINITE_RECURSION = YES;
				CLANG_WARN_INT_CONVERSION = YES;
				CLANG_WARN_NON_LITERAL_NULL_CONVERSION = YES;
				CLANG_WARN_OBJC_LITERAL_CONVERSION = YES;
				CLANG_WARN_OBJC_ROOT_CLASS = YES_ERROR;
				CLANG_WARN_RANGE_LOOP_ANALYSIS = YES;
				CLANG_WARN_STRICT_PROTOTYPES = YES;
				CLANG_WARN_SUSPICIOUS_MOVE = YES;
				CLANG_WARN_UNGUARDED_AVAILABILITY = YES_AGGRESSIVE;
				CLANG_WARN_UNREACHABLE_CODE = YES;
				CLANG_WARN__DUPLICATE_METHOD_MATCH = YES;
				CODE_SIGN_IDENTITY = "iPhone Developer";
				COPY_PHASE_STRIP = NO;
				DEBUG_INFORMATION_FORMAT = dwarf;
				ENABLE_STRICT_OBJC_MSGSEND = YES;
				ENABLE_TESTABILITY = YES;
				GCC_C_LANGUAGE_STANDARD = gnu11;
				GCC_DYNAMIC_NO_PIC = NO;
				GCC_NO_COMMON_BLOCKS = YES;
				GCC_OPTIMIZATION_LEVEL = 0;
				GCC_PREPROCESSOR_DEFINITIONS = (
					"DEBUG=1",
					"$(inherited)",
				);
				GCC_WARN_64_TO_32_BIT_CONVERSION = YES;
				GCC_WARN_ABOUT_RETURN_TYPE = YES_ERROR;
				GCC_WARN_UNDECLARED_SELECTOR = YES;
				GCC_WARN_UNINITIALIZED_AUTOS = YES_AGGRESSIVE;
				GCC_WARN_UNUSED_FUNCTION = YES;
				GCC_WARN_UNUSED_VARIABLE = YES;
				IPHONEOS_DEPLOYMENT_TARGET = 11.2;
				MTL_ENABLE_DEBUG_INFO = YES;
				ONLY_ACTIVE_ARCH = YES;
				SDKROOT = iphoneos;
				SWIFT_ACTIVE_COMPILATION_CONDITIONS = DEBUG;
				SWIFT_OPTIMIZATION_LEVEL = "-Onone";
			};
			name = Debug;
		};
		04354EED2105B3EB00B14A73 /* Release */ = {
			isa = XCBuildConfiguration;
			buildSettings = {
				ALWAYS_SEARCH_USER_PATHS = NO;
				CLANG_ANALYZER_NONNULL = YES;
				CLANG_ANALYZER_NUMBER_OBJECT_CONVERSION = YES_AGGRESSIVE;
				CLANG_CXX_LANGUAGE_STANDARD = "gnu++14";
				CLANG_CXX_LIBRARY = "libc++";
				CLANG_ENABLE_MODULES = YES;
				CLANG_ENABLE_OBJC_ARC = YES;
				CLANG_WARN_BLOCK_CAPTURE_AUTORELEASING = YES;
				CLANG_WARN_BOOL_CONVERSION = YES;
				CLANG_WARN_COMMA = YES;
				CLANG_WARN_CONSTANT_CONVERSION = YES;
				CLANG_WARN_DIRECT_OBJC_ISA_USAGE = YES_ERROR;
				CLANG_WARN_DOCUMENTATION_COMMENTS = YES;
				CLANG_WARN_EMPTY_BODY = YES;
				CLANG_WARN_ENUM_CONVERSION = YES;
				CLANG_WARN_INFINITE_RECURSION = YES;
				CLANG_WARN_INT_CONVERSION = YES;
				CLANG_WARN_NON_LITERAL_NULL_CONVERSION = YES;
				CLANG_WARN_OBJC_LITERAL_CONVERSION = YES;
				CLANG_WARN_OBJC_ROOT_CLASS = YES_ERROR;
				CLANG_WARN_RANGE_LOOP_ANALYSIS = YES;
				CLANG_WARN_STRICT_PROTOTYPES = YES;
				CLANG_WARN_SUSPICIOUS_MOVE = YES;
				CLANG_WARN_UNGUARDED_AVAILABILITY = YES_AGGRESSIVE;
				CLANG_WARN_UNREACHABLE_CODE = YES;
				CLANG_WARN__DUPLICATE_METHOD_MATCH = YES;
				CODE_SIGN_IDENTITY = "iPhone Developer";
				COPY_PHASE_STRIP = NO;
				DEBUG_INFORMATION_FORMAT = "dwarf-with-dsym";
				ENABLE_NS_ASSERTIONS = NO;
				ENABLE_STRICT_OBJC_MSGSEND = YES;
				GCC_C_LANGUAGE_STANDARD = gnu11;
				GCC_NO_COMMON_BLOCKS = YES;
				GCC_WARN_64_TO_32_BIT_CONVERSION = YES;
				GCC_WARN_ABOUT_RETURN_TYPE = YES_ERROR;
				GCC_WARN_UNDECLARED_SELECTOR = YES;
				GCC_WARN_UNINITIALIZED_AUTOS = YES_AGGRESSIVE;
				GCC_WARN_UNUSED_FUNCTION = YES;
				GCC_WARN_UNUSED_VARIABLE = YES;
				IPHONEOS_DEPLOYMENT_TARGET = 11.2;
				MTL_ENABLE_DEBUG_INFO = NO;
				SDKROOT = iphoneos;
				SWIFT_OPTIMIZATION_LEVEL = "-Owholemodule";
				VALIDATE_PRODUCT = YES;
			};
			name = Release;
		};
		04354EEF2105B3EB00B14A73 /* Debug */ = {
			isa = XCBuildConfiguration;
			buildSettings = {
				ASSETCATALOG_COMPILER_APPICON_NAME = AppIcon;
				CODE_SIGN_STYLE = Automatic;
				INFOPLIST_FILE = "Ma-shule/Info.plist";
				LD_RUNPATH_SEARCH_PATHS = "$(inherited) @executable_path/Frameworks";
				PRODUCT_BUNDLE_IDENTIFIER = "www.marshaarts.co.ke.Ma-shule";
				PRODUCT_NAME = "$(TARGET_NAME)";
				SWIFT_VERSION = 4.0;
				TARGETED_DEVICE_FAMILY = "1,2";
			};
			name = Debug;
		};
		04354EF02105B3EB00B14A73 /* Release */ = {
			isa = XCBuildConfiguration;
			buildSettings = {
				ASSETCATALOG_COMPILER_APPICON_NAME = AppIcon;
				CODE_SIGN_STYLE = Automatic;
				INFOPLIST_FILE = "Ma-shule/Info.plist";
				LD_RUNPATH_SEARCH_PATHS = "$(inherited) @executable_path/Frameworks";
				PRODUCT_BUNDLE_IDENTIFIER = "www.marshaarts.co.ke.Ma-shule";
				PRODUCT_NAME = "$(TARGET_NAME)";
				SWIFT_VERSION = 4.0;
				TARGETED_DEVICE_FAMILY = "1,2";
			};
			name = Release;
		};
/* End XCBuildConfiguration section */

/* Begin XCConfigurationList section */
		04354ED72105B3EA00B14A73 /* Build configuration list for PBXProject "Ma-shule" */ = {
			isa = XCConfigurationList;
			buildConfigurations = (
				04354EEC2105B3EB00B14A73 /* Debug */,
				04354EED2105B3EB00B14A73 /* Release */,
			);
			defaultConfigurationIsVisible = 0;
			defaultConfigurationName = Release;
		};
		04354EEE2105B3EB00B14A73 /* Build configuration list for PBXNativeTarget "Ma-shule" */ = {
			isa = XCConfigurationList;
			buildConfigurations = (
				04354EEF2105B3EB00B14A73 /* Debug */,
				04354EF02105B3EB00B14A73 /* Release */,
			);
			defaultConfigurationIsVisible = 0;
			defaultConfigurationName = Release;
		};
/* End XCConfigurationList section */
	};
	rootObject = 04354ED42105B3EA00B14A73 /* Project object */;
}
